
Microsoft Visual Studio Solution File, Format Version 12.00
# Visual Studio Version 17
VisualStudioVersion = 17.4.33110.190
MinimumVisualStudioVersion = 10.0.40219.1
Project("{FAE04EC0-301F-11D3-BF4B-00C04F79EFBC}") = "hospital", "hospital\hospital.csproj", "{541C9D32-7460-4395-BEBE-F263020E9AAB}"
EndProject
Global
	GlobalSection(SolutionConfigurationPlatforms) = preSolution
		Debug|Any CPU = Debug|Any CPU
		Release|Any CPU = Release|Any CPU
	EndGlobalSection
	GlobalSection(ProjectConfigurationPlatforms) = postSolution
		{541C9D32-7460-4395-BEBE-F263020E9AAB}.Debug|Any CPU.ActiveCfg = Debug|Any CPU
		{541C9D32-7460-4395-BEBE-F263020E9AAB}.Debug|Any CPU.Build.0 = Debug|Any CPU
		{541C9D32-7460-4395-BEBE-F263020E9AAB}.Release|Any CPU.ActiveCfg = Release|Any CPU
		{541C9D32-7460-4395-BEBE-F263020E9AAB}.Release|Any CPU.Build.0 = Release|Any CPU
	EndGlobalSection
	GlobalSection(SolutionProperties) = preSolution
		HideSolutionNode = FALSE
	EndGlobalSection
	GlobalSection(ExtensibilityGlobals) = postSolution
		SolutionGuid = {5A572B25-F4C0-413A-AD38-3FE2AE10E53C}
	EndGlobalSection
EndGlobal
